
Microsoft Visual Studio Solution File, Format Version 12.00
# Visual Studio Version 17
VisualStudioVersion = 17.14.36408.4 d17.14
MinimumVisualStudioVersion = 10.0.40219.1
Project("{FAE04EC0-301F-11D3-BF4B-00C04F79EFBC}") = "ECommerce.API", "ECommerce.API\ECommerce.API.csproj", "{DA8541EF-C880-4321-8D71-55034BEB898F}"
EndProject
Global
	GlobalSection(SolutionConfigurationPlatforms) = preSolution
		Debug|Any CPU = Debug|Any CPU
		Release|Any CPU = Release|Any CPU
	EndGlobalSection
	GlobalSection(ProjectConfigurationPlatforms) = postSolution
		{DA8541EF-C880-4321-8D71-55034BEB898F}.Debug|Any CPU.ActiveCfg = Debug|Any CPU
		{DA8541EF-C880-4321-8D71-55034BEB898F}.Debug|Any CPU.Build.0 = Debug|Any CPU
		{DA8541EF-C880-4321-8D71-55034BEB898F}.Release|Any CPU.ActiveCfg = Release|Any CPU
		{DA8541EF-C880-4321-8D71-55034BEB898F}.Release|Any CPU.Build.0 = Release|Any CPU
	EndGlobalSection
	GlobalSection(SolutionProperties) = preSolution
		HideSolutionNode = FALSE
	EndGlobalSection
	GlobalSection(ExtensibilityGlobals) = postSolution
		SolutionGuid = {E12304F1-532E-431D-B93C-3EFF39DFE73C}
	EndGlobalSection
EndGlobal
